
Microsoft Visual Studio Solution File, Format Version 12.00
# Visual Studio 2013
VisualStudioVersion = 12.0.30110.0
MinimumVisualStudioVersion = 10.0.40219.1
Project("{FAE04EC0-301F-11D3-BF4B-00C04F79EFBC}") = "Comunes.Datos", "Comunes.Datos\Comunes.Datos.csproj", "{04B2757C-972E-4673-9869-27E04D741E18}"
EndProject
Project("{FAE04EC0-301F-11D3-BF4B-00C04F79EFBC}") = "Comunes.Entidades", "Comunes.Entidades\Comunes.Entidades.csproj", "{1730F5E1-9C22-4246-A96D-74B9DB5BF03C}"
EndProject
Project("{FAE04EC0-301F-11D3-BF4B-00C04F79EFBC}") = "Comunes.Dominio", "Comunes.Logica\Comunes.Dominio.csproj", "{461C5A53-A9A8-4EC8-AFA2-AFC92B780A77}"
EndProject
Project("{2150E333-8FDC-42A3-9474-1A3956D46DE8}") = "CapaDatos", "CapaDatos", "{DCAFD3DE-2EF2-4439-B7B3-BEF4839CAFC9}"
EndProject
Project("{2150E333-8FDC-42A3-9474-1A3956D46DE8}") = "CapaEntidades", "CapaEntidades", "{3236EC0A-8919-48D9-8F02-BD4473B0F38E}"
EndProject
Project("{2150E333-8FDC-42A3-9474-1A3956D46DE8}") = "CapaDominio", "CapaDominio", "{F3C435E7-4199-40A9-8421-89681F115674}"
EndProject
Project("{2150E333-8FDC-42A3-9474-1A3956D46DE8}") = "CapaPresentacion", "CapaPresentacion", "{D50EBB8E-FD00-4BE0-8A2C-D5C6C6CEFDF5}"
EndProject
Project("{2150E333-8FDC-42A3-9474-1A3956D46DE8}") = "Utilitarios", "Utilitarios", "{7FCB43F3-48D7-43DE-B2E9-DDF13E477A87}"
EndProject
Project("{FAE04EC0-301F-11D3-BF4B-00C04F79EFBC}") = "Derivacion.Dominio", "Derivacion.Logica\Derivacion.Dominio.csproj", "{B4564269-57C3-4406-A70E-D958F7C4919E}"
EndProject
Project("{FAE04EC0-301F-11D3-BF4B-00C04F79EFBC}") = "Comunes.Utilitarios", "Comunes.Utilitarios\Comunes.Utilitarios.csproj", "{EABBA527-8E20-4350-999C-7F56A3AAC8A3}"
EndProject
Project("{FAE04EC0-301F-11D3-BF4B-00C04F79EFBC}") = "SeguroIntegral.Escritorio", "SeguroIntegral.Escritorio\SeguroIntegral.Escritorio.csproj", "{3102E050-775E-4D74-B198-520ECC467483}"
EndProject
Project("{FAE04EC0-301F-11D3-BF4B-00C04F79EFBC}") = "Cobertura.Dominio", "Cobertura.Dominio\Cobertura.Dominio.csproj", "{63212589-3C56-4E85-AA9B-0FA0E85E0ABB}"
EndProject
Project("{FAE04EC0-301F-11D3-BF4B-00C04F79EFBC}") = "Cobertura.Datos", "Cobertura.Datos\Cobertura.Datos.csproj", "{E793497B-6D89-4082-81C8-840FCF875213}"
EndProject
Project("{FAE04EC0-301F-11D3-BF4B-00C04F79EFBC}") = "Cobertura.Entidades", "Cobertura.Entidades\Cobertura.Entidades.csproj", "{3FF13F98-991B-4D32-B94B-1853ED15CDFF}"
EndProject
Project("{FAE04EC0-301F-11D3-BF4B-00C04F79EFBC}") = "SeguroIntegral.Entidades", "SeguroIntegral.Entidades\SeguroIntegral.Entidades.csproj", "{20583F1A-81AA-4340-8F50-F3F8C995EBB2}"
EndProject
Global
	GlobalSection(SolutionConfigurationPlatforms) = preSolution
		Debug|Any CPU = Debug|Any CPU
		Release|Any CPU = Release|Any CPU
	EndGlobalSection
	GlobalSection(ProjectConfigurationPlatforms) = postSolution
		{04B2757C-972E-4673-9869-27E04D741E18}.Debug|Any CPU.ActiveCfg = Debug|Any CPU
		{04B2757C-972E-4673-9869-27E04D741E18}.Debug|Any CPU.Build.0 = Debug|Any CPU
		{04B2757C-972E-4673-9869-27E04D741E18}.Release|Any CPU.ActiveCfg = Release|Any CPU
		{04B2757C-972E-4673-9869-27E04D741E18}.Release|Any CPU.Build.0 = Release|Any CPU
		{1730F5E1-9C22-4246-A96D-74B9DB5BF03C}.Debug|Any CPU.ActiveCfg = Debug|Any CPU
		{1730F5E1-9C22-4246-A96D-74B9DB5BF03C}.Debug|Any CPU.Build.0 = Debug|Any CPU
		{1730F5E1-9C22-4246-A96D-74B9DB5BF03C}.Release|Any CPU.ActiveCfg = Release|Any CPU
		{1730F5E1-9C22-4246-A96D-74B9DB5BF03C}.Release|Any CPU.Build.0 = Release|Any CPU
		{461C5A53-A9A8-4EC8-AFA2-AFC92B780A77}.Debug|Any CPU.ActiveCfg = Debug|Any CPU
		{461C5A53-A9A8-4EC8-AFA2-AFC92B780A77}.Debug|Any CPU.Build.0 = Debug|Any CPU
		{461C5A53-A9A8-4EC8-AFA2-AFC92B780A77}.Release|Any CPU.ActiveCfg = Release|Any CPU
		{461C5A53-A9A8-4EC8-AFA2-AFC92B780A77}.Release|Any CPU.Build.0 = Release|Any CPU
		{B4564269-57C3-4406-A70E-D958F7C4919E}.Debug|Any CPU.ActiveCfg = Debug|Any CPU
		{B4564269-57C3-4406-A70E-D958F7C4919E}.Debug|Any CPU.Build.0 = Debug|Any CPU
		{B4564269-57C3-4406-A70E-D958F7C4919E}.Release|Any CPU.ActiveCfg = Release|Any CPU
		{B4564269-57C3-4406-A70E-D958F7C4919E}.Release|Any CPU.Build.0 = Release|Any CPU
		{EABBA527-8E20-4350-999C-7F56A3AAC8A3}.Debug|Any CPU.ActiveCfg = Debug|Any CPU
		{EABBA527-8E20-4350-999C-7F56A3AAC8A3}.Debug|Any CPU.Build.0 = Debug|Any CPU
		{EABBA527-8E20-4350-999C-7F56A3AAC8A3}.Release|Any CPU.ActiveCfg = Release|Any CPU
		{EABBA527-8E20-4350-999C-7F56A3AAC8A3}.Release|Any CPU.Build.0 = Release|Any CPU
		{3102E050-775E-4D74-B198-520ECC467483}.Debug|Any CPU.ActiveCfg = Debug|Any CPU
		{3102E050-775E-4D74-B198-520ECC467483}.Debug|Any CPU.Build.0 = Debug|Any CPU
		{3102E050-775E-4D74-B198-520ECC467483}.Release|Any CPU.ActiveCfg = Release|Any CPU
		{3102E050-775E-4D74-B198-520ECC467483}.Release|Any CPU.Build.0 = Release|Any CPU
		{63212589-3C56-4E85-AA9B-0FA0E85E0ABB}.Debug|Any CPU.ActiveCfg = Debug|Any CPU
		{63212589-3C56-4E85-AA9B-0FA0E85E0ABB}.Debug|Any CPU.Build.0 = Debug|Any CPU
		{63212589-3C56-4E85-AA9B-0FA0E85E0ABB}.Release|Any CPU.ActiveCfg = Release|Any CPU
		{63212589-3C56-4E85-AA9B-0FA0E85E0ABB}.Release|Any CPU.Build.0 = Release|Any CPU
		{E793497B-6D89-4082-81C8-840FCF875213}.Debug|Any CPU.ActiveCfg = Debug|Any CPU
		{E793497B-6D89-4082-81C8-840FCF875213}.Debug|Any CPU.Build.0 = Debug|Any CPU
		{E793497B-6D89-4082-81C8-840FCF875213}.Release|Any CPU.ActiveCfg = Release|Any CPU
		{E793497B-6D89-4082-81C8-840FCF875213}.Release|Any CPU.Build.0 = Release|Any CPU
		{3FF13F98-991B-4D32-B94B-1853ED15CDFF}.Debug|Any CPU.ActiveCfg = Debug|Any CPU
		{3FF13F98-991B-4D32-B94B-1853ED15CDFF}.Debug|Any CPU.Build.0 = Debug|Any CPU
		{3FF13F98-991B-4D32-B94B-1853ED15CDFF}.Release|Any CPU.ActiveCfg = Release|Any CPU
		{3FF13F98-991B-4D32-B94B-1853ED15CDFF}.Release|Any CPU.Build.0 = Release|Any CPU
		{20583F1A-81AA-4340-8F50-F3F8C995EBB2}.Debug|Any CPU.ActiveCfg = Debug|Any CPU
		{20583F1A-81AA-4340-8F50-F3F8C995EBB2}.Debug|Any CPU.Build.0 = Debug|Any CPU
		{20583F1A-81AA-4340-8F50-F3F8C995EBB2}.Release|Any CPU.ActiveCfg = Release|Any CPU
		{20583F1A-81AA-4340-8F50-F3F8C995EBB2}.Release|Any CPU.Build.0 = Release|Any CPU
	EndGlobalSection
	GlobalSection(SolutionProperties) = preSolution
		HideSolutionNode = FALSE
	EndGlobalSection
	GlobalSection(NestedProjects) = preSolution
		{04B2757C-972E-4673-9869-27E04D741E18} = {DCAFD3DE-2EF2-4439-B7B3-BEF4839CAFC9}
		{E793497B-6D89-4082-81C8-840FCF875213} = {DCAFD3DE-2EF2-4439-B7B3-BEF4839CAFC9}
		{1730F5E1-9C22-4246-A96D-74B9DB5BF03C} = {3236EC0A-8919-48D9-8F02-BD4473B0F38E}
		{3FF13F98-991B-4D32-B94B-1853ED15CDFF} = {3236EC0A-8919-48D9-8F02-BD4473B0F38E}
		{20583F1A-81AA-4340-8F50-F3F8C995EBB2} = {3236EC0A-8919-48D9-8F02-BD4473B0F38E}
		{461C5A53-A9A8-4EC8-AFA2-AFC92B780A77} = {F3C435E7-4199-40A9-8421-89681F115674}
		{B4564269-57C3-4406-A70E-D958F7C4919E} = {F3C435E7-4199-40A9-8421-89681F115674}
		{63212589-3C56-4E85-AA9B-0FA0E85E0ABB} = {F3C435E7-4199-40A9-8421-89681F115674}
		{3102E050-775E-4D74-B198-520ECC467483} = {D50EBB8E-FD00-4BE0-8A2C-D5C6C6CEFDF5}
		{EABBA527-8E20-4350-999C-7F56A3AAC8A3} = {7FCB43F3-48D7-43DE-B2E9-DDF13E477A87}
	EndGlobalSection
EndGlobal
